# THIS IS AN AUTOGENERATED FILE. DO NOT EDIT THIS FILE DIRECTLY.
# yarn lockfile v1


"@polka/send-type@^0.5.2":
  version "0.5.2"
  resolved "https://registry.yarnpkg.com/@polka/send-type/-/send-type-0.5.2.tgz#65ed19522248e894eb9cfabe7ef0f166c10166a9"
  integrity sha512-jGXalKihnhGQmMQ+xxfxrRfI2cWs38TIZuwgYpnbQDD4r9TkOiU3ocjAS+6CqqMNQNAu9Ul2iHU5YFRDODak2w==

"@polka/send@^0.4.0":
  version "0.4.0"
  resolved "https://registry.yarnpkg.com/@polka/send/-/send-0.4.0.tgz#e2771c5671d36175832534ab886a884f75f31e6f"
  integrity sha1-4nccVnHTYXWDJTSriGqIT3XzHm8=

"@sentry/core@6.16.1":
  version "6.16.1"
  resolved "https://registry.yarnpkg.com/@sentry/core/-/core-6.16.1.tgz#d9f7a75f641acaddf21b6aafa7a32e142f68f17c"
  integrity sha512-UFI0264CPUc5cR1zJH+S2UPOANpm6dLJOnsvnIGTjsrwzR0h8Hdl6rC2R/GPq+WNbnipo9hkiIwDlqbqvIU5vw==
  dependencies:
    "@sentry/hub" "6.16.1"
    "@sentry/minimal" "6.16.1"
    "@sentry/types" "6.16.1"
    "@sentry/utils" "6.16.1"
    tslib "^1.9.3"

"@sentry/hub@6.16.1":
  version "6.16.1"
  resolved "https://registry.yarnpkg.com/@sentry/hub/-/hub-6.16.1.tgz#526e19db51f4412da8634734044c605b936a7b80"
  integrity sha512-4PGtg6AfpqMkreTpL7ymDeQ/U1uXv03bKUuFdtsSTn/FRf9TLS4JB0KuTZCxfp1IRgAA+iFg6B784dDkT8R9eg==
  dependencies:
    "@sentry/types" "6.16.1"
    "@sentry/utils" "6.16.1"
    tslib "^1.9.3"

"@sentry/minimal@6.16.1":
  version "6.16.1"
  resolved "https://registry.yarnpkg.com/@sentry/minimal/-/minimal-6.16.1.tgz#6a9506a92623d2ff1fc17d60989688323326772e"
  integrity sha512-dq+mI1EQIvUM+zJtGCVgH3/B3Sbx4hKlGf2Usovm9KoqWYA+QpfVBholYDe/H2RXgO7LFEefDLvOdHDkqeJoyA==
  dependencies:
    "@sentry/hub" "6.16.1"
    "@sentry/types" "6.16.1"
    tslib "^1.9.3"

"@sentry/node@^6.8.0":
  version "6.16.1"
  resolved "https://registry.yarnpkg.com/@sentry/node/-/node-6.16.1.tgz#d92916da3e95d23e1ada274e97d6bf369e74ac51"
  integrity sha512-SeDDoug2kUxeF1D7JGPa3h5EXxKtmA01mITBPYx5xbJ0sMksnv5I5bC1SJ8arRRzq6+W1C4IEeDBQtrVCk6ixA==
  dependencies:
    "@sentry/core" "6.16.1"
    "@sentry/hub" "6.16.1"
    "@sentry/tracing" "6.16.1"
    "@sentry/types" "6.16.1"
    "@sentry/utils" "6.16.1"
    cookie "^0.4.1"
    https-proxy-agent "^5.0.0"
    lru_map "^0.3.3"
    tslib "^1.9.3"

"@sentry/tracing@6.16.1":
  version "6.16.1"
  resolved "https://registry.yarnpkg.com/@sentry/tracing/-/tracing-6.16.1.tgz#32fba3e07748e9a955055afd559a65996acb7d71"
  integrity sha512-MPSbqXX59P+OEeST+U2V/8Hu/8QjpTUxTNeNyTHWIbbchdcMMjDbXTS3etCgajZR6Ro+DHElOz5cdSxH6IBGlA==
  dependencies:
    "@sentry/hub" "6.16.1"
    "@sentry/minimal" "6.16.1"
    "@sentry/types" "6.16.1"
    "@sentry/utils" "6.16.1"
    tslib "^1.9.3"

"@sentry/types@6.16.1":
  version "6.16.1"
  resolved "https://registry.yarnpkg.com/@sentry/types/-/types-6.16.1.tgz#4917607115b30315757c2cf84f80bac5100b8ac0"
  integrity sha512-Wh354g30UsJ5kYJbercektGX4ZMc9MHU++1NjeN2bTMnbofEcpUDWIiKeulZEY65IC1iU+1zRQQgtYO+/hgCUQ==

"@sentry/utils@6.16.1":
  version "6.16.1"
  resolved "https://registry.yarnpkg.com/@sentry/utils/-/utils-6.16.1.tgz#1b9e14c2831b6e8b816f7021b9876133bf2be008"
  integrity sha512-7ngq/i4R8JZitJo9Sl8PDnjSbDehOxgr1vsoMmerIsyRZ651C/8B+jVkMhaAPgSdyJ0AlE3O7DKKTP1FXFw9qw==
  dependencies:
    "@sentry/types" "6.16.1"
    tslib "^1.9.3"

"@supabase/gotrue-js@^1.21.7":
  version "1.21.7"
  resolved "https://registry.yarnpkg.com/@supabase/gotrue-js/-/gotrue-js-1.21.7.tgz#ec3fdf2199a28fb65c1ae94a3c10032536c0aa4e"
  integrity sha512-YnL4cO3Q+ugatWEtgCEnLt+Wwi0VpOVTPSSjSSUho2x3cH7+juRBTrVbYky/W6YVgAw/ZJrVUFPh/NcUCUhdmw==
  dependencies:
    cross-fetch "^3.0.6"

"@supabase/postgrest-js@^0.35.0":
  version "0.35.0"
  resolved "https://registry.yarnpkg.com/@supabase/postgrest-js/-/postgrest-js-0.35.0.tgz#a00bda3a0af75e2af6eb31b47742ba112e74686c"
  integrity sha512-z+XKJ2oXuGEAEBVXseeQUXaM3ekQZK4XF0Kc399Glyg+rZaBTwNeJtY+Q/23NcIE5uNMYbTnEXm80jZbLBnWdw==
  dependencies:
    cross-fetch "^3.0.6"

"@supabase/realtime-js@^1.3.4":
  version "1.3.4"
  resolved "https://registry.yarnpkg.com/@supabase/realtime-js/-/realtime-js-1.3.4.tgz#b080e7b002c47cb66764ec53babb63232aed1cec"
  integrity sha512-N9xerTleMp6OKgsqYp0WujYJvKplMxhSJ9agTvAL6vc/+4hh5uxak4wLpgqigy3ZBzpRUSYty7hDyS017+waiw==
  dependencies:
    "@types/websocket" "^1.0.3"
    websocket "^1.0.34"

"@supabase/storage-js@^1.5.0":
  version "1.5.0"
  resolved "https://registry.yarnpkg.com/@supabase/storage-js/-/storage-js-1.5.0.tgz#5a8390e3102eaab80d394e1734b0ba6c52a3c2cc"
  integrity sha512-ki2HT9FrCYRN3yoqWqX+u47TUHQ8lgSStAqV/97kMov1z2d+iIlqGBGVcaGDqq4NvK8CipG8IJARYM72oX+afA==
  dependencies:
    cross-fetch "^3.1.0"

"@supabase/supabase-js@^1.29.1":
  version "1.29.1"
  resolved "https://registry.yarnpkg.com/@supabase/supabase-js/-/supabase-js-1.29.1.tgz#5cccf0da1caf8320fbeff09f5ee893f66bdcb450"
  integrity sha512-5UPgB93XCzALTpbuwvEGH+Y7i3YBY3y3y96uNnzAWYerGWlqx2kIVmV++GAiEPp/tp+QRsv103AoLKiP3dP2DA==
  dependencies:
    "@supabase/gotrue-js" "^1.21.7"
    "@supabase/postgrest-js" "^0.35.0"
    "@supabase/realtime-js" "^1.3.4"
    "@supabase/storage-js" "^1.5.0"

"@types/node@*":
  version "17.0.8"
  resolved "https://registry.yarnpkg.com/@types/node/-/node-17.0.8.tgz#50d680c8a8a78fe30abe6906453b21ad8ab0ad7b"
  integrity sha512-YofkM6fGv4gDJq78g4j0mMuGMkZVxZDgtU0JRdx6FgiJDG+0fY0GKVolOV8WqVmEhLCXkQRjwDdKyPxJp/uucg==

"@types/node@>=8.0.0 <15":
  version "14.18.5"
  resolved "https://registry.yarnpkg.com/@types/node/-/node-14.18.5.tgz#0dd636fe7b2c6055cbed0d4ca3b7fb540f130a96"
  integrity sha512-LMy+vDDcQR48EZdEx5wRX1q/sEl6NdGuHXPnfeL8ixkwCOSZ2qnIyIZmcCbdX0MeRqHhAcHmX+haCbrS8Run+A==

"@types/websocket@^1.0.3":
  version "1.0.4"
  resolved "https://registry.yarnpkg.com/@types/websocket/-/websocket-1.0.4.tgz#1dc497280d8049a5450854dd698ee7e6ea9e60b8"
  integrity sha512-qn1LkcFEKK8RPp459jkjzsfpbsx36BBt3oC3pITYtkoBw/aVX+EZFa5j3ThCRTNpLFvIMr5dSTD4RaMdilIOpA==
  dependencies:
    "@types/node" "*"

abort-controller@^3.0.0:
  version "3.0.0"
  resolved "https://registry.yarnpkg.com/abort-controller/-/abort-controller-3.0.0.tgz#eaf54d53b62bae4138e809ca225c8439a6efb392"
  integrity sha512-h8lQ8tacZYnR3vNQTgibj+tODHI5/+l06Au2Pcriv/Gmet0eaj4TwWH41sO9wnHDiQsEj19q0drzdWdeAHtweg==
  dependencies:
    event-target-shim "^5.0.0"

abortcontroller-polyfill@^1.4.0:
  version "1.7.3"
  resolved "https://registry.yarnpkg.com/abortcontroller-polyfill/-/abortcontroller-polyfill-1.7.3.tgz#1b5b487bd6436b5b764fd52a612509702c3144b5"
  integrity sha512-zetDJxd89y3X99Kvo4qFx8GKlt6GsvN3UcRZHwU6iFA/0KiOmhkTVhe8oRoTBiTVPZu09x3vCra47+w8Yz1+2Q==

agent-base@6:
  version "6.0.2"
  resolved "https://registry.yarnpkg.com/agent-base/-/agent-base-6.0.2.tgz#49fff58577cfee3f37176feab4c22e00f86d7f77"
  integrity sha512-RZNwNclF7+MS/8bDg70amg32dyeZGZxiDuQmZxKLAlQjr3jGyLx+4Kkk58UO7D2QdgFIQCovuSuZESne6RG6XQ==
  dependencies:
    debug "4"

airtable@^0.11.1:
  version "0.11.1"
  resolved "https://registry.yarnpkg.com/airtable/-/airtable-0.11.1.tgz#2fda51da04f5e4be7092351ea7be3cfdcf308347"
  integrity sha512-33zBuUDhLl+FWWAFxFjS1a+vJr/b+UK//EV943nuiimChWph6YykQjYPmu/GucQ30g7mgaqq+98uPD4rfDHOgg==
  dependencies:
    "@types/node" ">=8.0.0 <15"
    abort-controller "^3.0.0"
    abortcontroller-polyfill "^1.4.0"
    lodash "^4.17.21"
    node-fetch "^2.6.1"

argparse@^2.0.1:
  version "2.0.1"
  resolved "https://registry.yarnpkg.com/argparse/-/argparse-2.0.1.tgz#246f50f3ca78a3240f6c997e8a9bd1eac49e4b38"
  integrity sha512-8+9WqebbFzpX9OR+Wa6O29asIogeRMzcGtAINdpMHHyAg10f05aSFVBbcEqGf/PXw1EjAZ+q2/bEBg3DvurK3Q==

async-retry@^1.3.3:
  version "1.3.3"
  resolved "https://registry.yarnpkg.com/async-retry/-/async-retry-1.3.3.tgz#0e7f36c04d8478e7a58bdbed80cedf977785f280"
  integrity sha512-wfr/jstw9xNi/0teMHrRW7dsz3Lt5ARhYNZ2ewpadnhaIp5mbALhOAP+EAdsC7t4Z6wqsDVv9+W6gm1Dk9mEyw==
  dependencies:
    retry "0.13.1"

asynckit@^0.4.0:
  version "0.4.0"
  resolved "https://registry.yarnpkg.com/asynckit/-/asynckit-0.4.0.tgz#c79ed97f7f34cb8f2ba1bc9790bcc366474b4b79"
  integrity sha1-x57Zf380y48robyXkLzDZkdLS3k=

base-64@^1.0.0:
  version "1.0.0"
  resolved "https://registry.yarnpkg.com/base-64/-/base-64-1.0.0.tgz#09d0f2084e32a3fd08c2475b973788eee6ae8f4a"
  integrity sha512-kwDPIFCGx0NZHog36dj+tHiwP4QMzsZ3AgMViUBKI0+V5n4U0ufTCUMhnQ04diaRI8EX/QcPfql7zlhZ7j4zgg==

bluebird@^3.7.2:
  version "3.7.2"
  resolved "https://registry.yarnpkg.com/bluebird/-/bluebird-3.7.2.tgz#9f229c15be272454ffa973ace0dbee79a1b0c36f"
  integrity sha512-XpNj6GDQzdfW+r2Wnn7xiSAd7TM3jzkxGXBGTtWKuSXv1xUV+azxAm8jdWZN06QTQk+2N2XB9jRDkvbmQmcRtg==

bufferutil@^4.0.1:
  version "4.0.6"
  resolved "https://registry.yarnpkg.com/bufferutil/-/bufferutil-4.0.6.tgz#ebd6c67c7922a0e902f053e5d8be5ec850e48433"
  integrity sha512-jduaYOYtnio4aIAyc6UbvPCVcgq7nYpVnucyxr6eCYg/Woad9Hf/oxxBRDnGGjPfjUm6j5O/uBWhIu4iLebFaw==
  dependencies:
    node-gyp-build "^4.3.0"

calendar-link@^2.1.1:
  version "2.1.1"
  resolved "https://registry.yarnpkg.com/calendar-link/-/calendar-link-2.1.1.tgz#9d518d5fb6332f2ce0a60bc98b00648e897e6241"
  integrity sha512-DD9z+38NW3tafthymC3O5U/f7UXzaEwDZb2f3EBYcigsdvckW32onJ5s/VI9pyLJFIgH+yItLJEKtNTOa/oOxw==
  dependencies:
    dayjs "^1.9.3"
    query-string "^6.13.6"

clone-deep@^4.0.1:
  version "4.0.1"
  resolved "https://registry.yarnpkg.com/clone-deep/-/clone-deep-4.0.1.tgz#c19fd9bdbbf85942b4fd979c84dcf7d5f07c2387"
  integrity sha512-neHB9xuzh/wk0dIHweyAXv2aPGZIVk3pLMe+/RNzINf17fe0OG96QroktYAUm7SM1PBnzTabaLboqqxDyMU+SQ==
  dependencies:
    is-plain-object "^2.0.4"
    kind-of "^6.0.2"
    shallow-clone "^3.0.0"

clone@2.x:
  version "2.1.2"
  resolved "https://registry.yarnpkg.com/clone/-/clone-2.1.2.tgz#1b7f4b9f591f1e8f83670401600345a02887435f"
  integrity sha1-G39Ln1kfHo+DZwQBYANFoCiHQ18=

combined-stream@^1.0.8:
  version "1.0.8"
  resolved "https://registry.yarnpkg.com/combined-stream/-/combined-stream-1.0.8.tgz#c3d45a8b34fd730631a110a8a2520682b31d5a7f"
  integrity sha512-FQN4MRfuJeHf7cBbBMJFXhKSDq+2kAArBlmRBvcvFE5BB1HZKXtSFASDhdlz9zOYwxh8lDdnvmMOe/+5cdoEdg==
  dependencies:
    delayed-stream "~1.0.0"

cookie@^0.4.1:
  version "0.4.1"
  resolved "https://registry.yarnpkg.com/cookie/-/cookie-0.4.1.tgz#afd713fe26ebd21ba95ceb61f9a8116e50a537d1"
  integrity sha512-ZwrFkGJxUR3EIoXtO+yVE69Eb7KlixbaeAWfBQB9vVsNn/o+Yw69gBWSSDK825hQNdN+wF8zELf3dFNl/kxkUA==

cross-fetch@^3.0.6, cross-fetch@^3.1.0:
  version "3.1.4"
  resolved "https://registry.yarnpkg.com/cross-fetch/-/cross-fetch-3.1.4.tgz#9723f3a3a247bf8b89039f3a380a9244e8fa2f39"
  integrity sha512-1eAtFWdIubi6T4XPy6ei9iUFoKpUkIF971QLN8lIvvvwueI65+Nw5haMNKUwfJxabqlIIDODJKGrQ66gxC0PbQ==
  dependencies:
    node-fetch "2.6.1"

cytosis@^0.0.5:
  version "0.0.5"
  resolved "https://registry.yarnpkg.com/cytosis/-/cytosis-0.0.5.tgz#9890b4b9c9e745fbd8bb5efcb95eebcb29c67d70"
  integrity sha512-4VD5ZvdEP5ZZTuAfMCV47206W5mzRelDk/YG9lUE4b1BTN21mJYjrqP/M5vP0qxvX85uwy24N4/MH/HA7T7fLg==
  dependencies:
    airtable "^0.11.1"

d@1, d@^1.0.1:
  version "1.0.1"
  resolved "https://registry.yarnpkg.com/d/-/d-1.0.1.tgz#8698095372d58dbee346ffd0c7093f99f8f9eb5a"
  integrity sha512-m62ShEObQ39CfralilEQRjH6oAMtNCV1xJyEx5LpRYUVN+EviphDgUc/F3hnYbADmkiNs67Y+3ylmlG7Lnu+FA==
  dependencies:
    es5-ext "^0.10.50"
    type "^1.0.1"

data-uri-to-buffer@^3.0.1:
  version "3.0.1"
  resolved "https://registry.yarnpkg.com/data-uri-to-buffer/-/data-uri-to-buffer-3.0.1.tgz#594b8973938c5bc2c33046535785341abc4f3636"
  integrity sha512-WboRycPNsVw3B3TL559F7kuBUM4d8CgMEvk6xEJlOp7OBPjt6G7z8WMWlD2rOFZLk6OYfFIUGsCOWzcQH9K2og==

dayjs@^1.9.3:
  version "1.10.7"
  resolved "https://registry.yarnpkg.com/dayjs/-/dayjs-1.10.7.tgz#2cf5f91add28116748440866a0a1d26f3a6ce468"
  integrity sha512-P6twpd70BcPK34K26uJ1KT3wlhpuOAPoMwJzpsIWUxHZ7wpmbdZL/hQqBDfz7hGurYSa5PhzdhDHtt319hL3ig==

debug@4:
  version "4.3.3"
  resolved "https://registry.yarnpkg.com/debug/-/debug-4.3.3.tgz#04266e0b70a98d4462e6e288e38259213332b664"
  integrity sha512-/zxw5+vh1Tfv+4Qn7a5nsbcJKPaSvCDhojn6FEl9vupwK2VCSDtEiEtqr8DFtzYFOdz63LBkxec7DYuc2jon6Q==
  dependencies:
    ms "2.1.2"

debug@^2.2.0:
  version "2.6.9"
  resolved "https://registry.yarnpkg.com/debug/-/debug-2.6.9.tgz#5d128515df134ff327e90a4c93f4e077a536341f"
  integrity sha512-bC7ElrdJaJnPbAP+1EotYvqZsb3ecl5wi6Bfi6BJTUcNowp6cvspg0jXznRTKDjm/E7AdgFBVeAPVMNcKGsHMA==
  dependencies:
    ms "2.0.0"

decode-uri-component@^0.2.0:
  version "0.2.0"
  resolved "https://registry.yarnpkg.com/decode-uri-component/-/decode-uri-component-0.2.0.tgz#eb3913333458775cb84cd1a1fae062106bb87545"
  integrity sha1-6zkTMzRYd1y4TNGh+uBiEGu4dUU=

deepmerge@^4.2.2:
  version "4.2.2"
  resolved "https://registry.yarnpkg.com/deepmerge/-/deepmerge-4.2.2.tgz#44d2ea3679b8f4d4ffba33f03d865fc1e7bf4955"
  integrity sha512-FJ3UgI4gIl+PHZm53knsuSFpE+nESMr7M4v9QcgB7S63Kj/6WqMiFQJpBBYz1Pt+66bZpP3Q7Lye0Oo9MPKEdg==

delayed-stream@~1.0.0:
  version "1.0.0"
  resolved "https://registry.yarnpkg.com/delayed-stream/-/delayed-stream-1.0.0.tgz#df3ae199acadfb7d440aaae0b29e2272b24ec619"
  integrity sha1-3zrhmayt+31ECqrgsp4icrJOxhk=

dom-serializer@^1.0.1:
  version "1.3.2"
  resolved "https://registry.yarnpkg.com/dom-serializer/-/dom-serializer-1.3.2.tgz#6206437d32ceefaec7161803230c7a20bc1b4d91"
  integrity sha512-5c54Bk5Dw4qAxNOI1pFEizPSjVsx5+bpJKmL2kPn8JhBUq2q09tTCa3mjijun2NfK78NMouDYNMBkOrPZiS+ig==
  dependencies:
    domelementtype "^2.0.1"
    domhandler "^4.2.0"
    entities "^2.0.0"

domelementtype@^2.0.1, domelementtype@^2.2.0:
  version "2.2.0"
  resolved "https://registry.yarnpkg.com/domelementtype/-/domelementtype-2.2.0.tgz#9a0b6c2782ed6a1c7323d42267183df9bd8b1d57"
  integrity sha512-DtBMo82pv1dFtUmHyr48beiuq792Sxohr+8Hm9zoxklYPfa6n0Z3Byjj2IV7bmr2IyqClnqEQhfgHJJ5QF0R5A==

domhandler@^4.0.0, domhandler@^4.2.0:
  version "4.3.0"
  resolved "https://registry.yarnpkg.com/domhandler/-/domhandler-4.3.0.tgz#16c658c626cf966967e306f966b431f77d4a5626"
  integrity sha512-fC0aXNQXqKSFTr2wDNZDhsEYjCiYsDWl3D01kwt25hm1YIPyDGHvvi3rw+PLqHAl/m71MaiF7d5zvBr0p5UB2g==
  dependencies:
    domelementtype "^2.2.0"

domutils@^2.5.2:
  version "2.8.0"
  resolved "https://registry.yarnpkg.com/domutils/-/domutils-2.8.0.tgz#4437def5db6e2d1f5d6ee859bd95ca7d02048135"
  integrity sha512-w96Cjofp72M5IIhpjgobBimYEfoPjx1Vx0BSX9P30WBdZW2WIKU0T1Bd0kz2eNZ9ikjKgHbEyKx8BB6H1L3h3A==
  dependencies:
    dom-serializer "^1.0.1"
    domelementtype "^2.2.0"
    domhandler "^4.2.0"

dotenv@^11.0.0:
  version "11.0.0"
  resolved "https://registry.yarnpkg.com/dotenv/-/dotenv-11.0.0.tgz#ee37feddf8ada6d348a79e198312d4a8abfd1c1e"
  integrity sha512-Fp/b504Y5W+e+FpCxTFMUZ7ZEQkQYF0rx+KZtmwixJxGQbLHrhCwo3FjZgNC8vIfrSi29PABNbMoCGD9YoiXbQ==

entities@^2.0.0:
  version "2.2.0"
  resolved "https://registry.yarnpkg.com/entities/-/entities-2.2.0.tgz#098dc90ebb83d8dffa089d55256b351d34c4da55"
  integrity sha512-p92if5Nz619I0w+akJrLZH0MX0Pb5DX39XOwQTtXSdQQOaYH03S1uIQp4mhOZtAXrxq4ViO67YTiLBo2638o9A==

entities@~2.1.0:
  version "2.1.0"
  resolved "https://registry.yarnpkg.com/entities/-/entities-2.1.0.tgz#992d3129cf7df6870b96c57858c249a120f8b8b5"
  integrity sha512-hCx1oky9PFrJ611mf0ifBLBRW8lUUVRlFolb5gWRfIELabBlbp9xZvrqZLZAs+NxFnbfQoeGd8wDkygjg7U85w==

es5-ext@^0.10.35, es5-ext@^0.10.50:
  version "0.10.53"
  resolved "https://registry.yarnpkg.com/es5-ext/-/es5-ext-0.10.53.tgz#93c5a3acfdbef275220ad72644ad02ee18368de1"
  integrity sha512-Xs2Stw6NiNHWypzRTY1MtaG/uJlwCk8kH81920ma8mvN8Xq1gsfhZvpkImLQArw8AHnv8MT2I45J3c0R8slE+Q==
  dependencies:
    es6-iterator "~2.0.3"
    es6-symbol "~3.1.3"
    next-tick "~1.0.0"

es6-iterator@~2.0.3:
  version "2.0.3"
  resolved "https://registry.yarnpkg.com/es6-iterator/-/es6-iterator-2.0.3.tgz#a7de889141a05a94b0854403b2d0a0fbfa98f3b7"
  integrity sha1-p96IkUGgWpSwhUQDstCg+/qY87c=
  dependencies:
    d "1"
    es5-ext "^0.10.35"
    es6-symbol "^3.1.1"

es6-symbol@^3.1.1, es6-symbol@~3.1.3:
  version "3.1.3"
  resolved "https://registry.yarnpkg.com/es6-symbol/-/es6-symbol-3.1.3.tgz#bad5d3c1bcdac28269f4cb331e431c78ac705d18"
  integrity sha512-NJ6Yn3FuDinBaBRWl/q5X/s4koRHBrgKAu+yGI6JCBeiu3qrcbJhwT2GeR/EXVfylRk8dpQVJoLEFhK+Mu31NA==
  dependencies:
    d "^1.0.1"
    ext "^1.1.2"

escape-string-regexp@^4.0.0:
  version "4.0.0"
  resolved "https://registry.yarnpkg.com/escape-string-regexp/-/escape-string-regexp-4.0.0.tgz#14ba83a5d373e3d311e5afca29cf5bfad965bf34"
  integrity sha512-TtpcNJ3XAzx3Gq8sWRzJaVajRs0uVxA2YAkdb1jm2YkPz4G6egUFAyA3n5vtEIZefPk5Wa4UXbKuS5fKkJWdgA==

event-target-shim@^5.0.0:
  version "5.0.1"
  resolved "https://registry.yarnpkg.com/event-target-shim/-/event-target-shim-5.0.1.tgz#5d4d3ebdf9583d63a5333ce2deb7480ab2b05789"
  integrity sha512-i/2XbnSz/uxRCU6+NdVJgKWDTM427+MqYbkQzD321DuCQJUqOuJKIA0IM2+W2xtYHdKOmZ4dR6fExsd4SXL+WQ==

ext@^1.1.2:
  version "1.6.0"
  resolved "https://registry.yarnpkg.com/ext/-/ext-1.6.0.tgz#3871d50641e874cc172e2b53f919842d19db4c52"
  integrity sha512-sdBImtzkq2HpkdRLtlLWDa6w4DX22ijZLKx8BMPUuKe1c5lbN6xwQDQCxSfxBQnHZ13ls/FH0MQZx/q/gr6FQg==
  dependencies:
    type "^2.5.0"

fetch-blob@^2.1.1:
  version "2.1.2"
  resolved "https://registry.yarnpkg.com/fetch-blob/-/fetch-blob-2.1.2.tgz#a7805db1361bd44c1ef62bb57fb5fe8ea173ef3c"
  integrity sha512-YKqtUDwqLyfyMnmbw8XD6Q8j9i/HggKtPEI+pZ1+8bvheBu78biSmNaXWusx1TauGqtUUGx/cBb1mKdq2rLYow==

filter-obj@^1.1.0:
  version "1.1.0"
  resolved "https://registry.yarnpkg.com/filter-obj/-/filter-obj-1.1.0.tgz#9b311112bc6c6127a16e016c6c5d7f19e0805c5b"
  integrity sha1-mzERErxsYSehbgFsbF1/GeCAXFs=

form-data@^4.0.0:
  version "4.0.0"
  resolved "https://registry.yarnpkg.com/form-data/-/form-data-4.0.0.tgz#93919daeaf361ee529584b9b31664dc12c9fa452"
  integrity sha512-ETEklSGi5t0QMZuiXoA/Q6vcnxcLQP5vdugSpuAyi6SVGi2clPPp+xgEhuMaHC+zGgn31Kd235W35f7Hykkaww==
  dependencies:
    asynckit "^0.4.0"
    combined-stream "^1.0.8"
    mime-types "^2.1.12"

htmlparser2@^6.0.0:
  version "6.1.0"
  resolved "https://registry.yarnpkg.com/htmlparser2/-/htmlparser2-6.1.0.tgz#c4d762b6c3371a05dbe65e94ae43a9f845fb8fb7"
  integrity sha512-gyyPk6rgonLFEDGoeRgQNaEUvdJ4ktTmmUh/h2t7s+M8oPpIPxgNACWa+6ESR57kXstwqPiCut0V8NRpcwgU7A==
  dependencies:
    domelementtype "^2.0.1"
    domhandler "^4.0.0"
    domutils "^2.5.2"
    entities "^2.0.0"

https-proxy-agent@^5.0.0:
  version "5.0.0"
  resolved "https://registry.yarnpkg.com/https-proxy-agent/-/https-proxy-agent-5.0.0.tgz#e2a90542abb68a762e0a0850f6c9edadfd8506b2"
  integrity sha512-EkYm5BcKUGiduxzSt3Eppko+PiNWNEpa4ySk9vTC6wDsQJW9rHSa+UhGNJoRYp7bz6Ht1eaRIa6QaJqO5rCFbA==
  dependencies:
    agent-base "6"
    debug "4"

is-plain-object@^2.0.4:
  version "2.0.4"
  resolved "https://registry.yarnpkg.com/is-plain-object/-/is-plain-object-2.0.4.tgz#2c163b3fafb1b606d9d17928f05c2a1c38e07677"
  integrity sha512-h5PpgXkWitc38BBMYawTYMWJHFZJVnBquFE57xFpjB8pJFiF6gZ+bU+WyI/yqXiFR5mdLsgYNaPe8uao6Uv9Og==
  dependencies:
    isobject "^3.0.1"

is-plain-object@^5.0.0:
  version "5.0.0"
  resolved "https://registry.yarnpkg.com/is-plain-object/-/is-plain-object-5.0.0.tgz#4427f50ab3429e9025ea7d52e9043a9ef4159344"
  integrity sha512-VRSzKkbMm5jMDoKLbltAkFQ5Qr7VDiTFGXxYFXXowVj387GeGNOCsOH6Msy00SGZ3Fp84b1Naa1psqgcCIEP5Q==

is-typedarray@^1.0.0:
  version "1.0.0"
  resolved "https://registry.yarnpkg.com/is-typedarray/-/is-typedarray-1.0.0.tgz#e479c80858df0c1b11ddda6940f96011fcda4a9a"
  integrity sha1-5HnICFjfDBsR3dppQPlgEfzaSpo=

isobject@^3.0.1:
  version "3.0.1"
  resolved "https://registry.yarnpkg.com/isobject/-/isobject-3.0.1.tgz#4e431e92b11a9731636aa1f9c8d1ccbcfdab78df"
  integrity sha1-TkMekrEalzFjaqH5yNHMvP2reN8=

kind-of@^6.0.2:
  version "6.0.3"
  resolved "https://registry.yarnpkg.com/kind-of/-/kind-of-6.0.3.tgz#07c05034a6c349fa06e24fa35aa76db4580ce4dd"
  integrity sha512-dcS1ul+9tmeD95T+x28/ehLgd9mENa3LsvDTtzm3vyBEO7RPptvAD+t44WVXaUjTBRcrpFeFlC8WCruUR456hw==

ky-universal@^0.8.2:
  version "0.8.2"
  resolved "https://registry.yarnpkg.com/ky-universal/-/ky-universal-0.8.2.tgz#edc398d54cf495d7d6830aa1ab69559a3cc7f824"
  integrity sha512-xe0JaOH9QeYxdyGLnzUOVGK4Z6FGvDVzcXFTdrYA1f33MZdEa45sUDaMBy98xQMcsd2XIBrTXRrRYnegcSdgVQ==
  dependencies:
    abort-controller "^3.0.0"
    node-fetch "3.0.0-beta.9"

ky@^0.25.1:
  version "0.25.1"
  resolved "https://registry.yarnpkg.com/ky/-/ky-0.25.1.tgz#0df0bd872a9cc57e31acd5dbc1443547c881bfbc"
  integrity sha512-PjpCEWlIU7VpiMVrTwssahkYXX1by6NCT0fhTUX34F3DTinARlgMpriuroolugFPcMgpPWrOW4mTb984Qm1RXA==

linkify-it@^3.0.1:
  version "3.0.3"
  resolved "https://registry.yarnpkg.com/linkify-it/-/linkify-it-3.0.3.tgz#a98baf44ce45a550efb4d49c769d07524cc2fa2e"
  integrity sha512-ynTsyrFSdE5oZ/O9GEf00kPngmOfVwazR5GKDq6EYfhlpFug3J2zybX56a2PRRpc9P+FuSoGNAwjlbDs9jJBPQ==
  dependencies:
    uc.micro "^1.0.1"

lodash@^4.17.21:
  version "4.17.21"
  resolved "https://registry.yarnpkg.com/lodash/-/lodash-4.17.21.tgz#679591c564c3bffaae8454cf0b3df370c3d6911c"
  integrity sha512-v2kDEe57lecTulaDIuNTPy3Ry4gLGJ6Z1O3vE1krgXZNrsQ+LFTGHVxVjcXPs17LhbZVGedAJv8XZ1tvj5FvSg==

lru_map@^0.3.3:
  version "0.3.3"
  resolved "https://registry.yarnpkg.com/lru_map/-/lru_map-0.3.3.tgz#b5c8351b9464cbd750335a79650a0ec0e56118dd"
  integrity sha1-tcg1G5Rky9dQM1p5ZQoOwOVhGN0=

mailgun.js@^4.1.4:
  version "4.1.4"
  resolved "https://registry.yarnpkg.com/mailgun.js/-/mailgun.js-4.1.4.tgz#c209c2cd33f150801ac1df26e59e566e463ee468"
  integrity sha512-ay56poetfErj/ftTZcRyyUv1eW+maQYAHdN0JYOSyTENhPJqm4N4SVGOwM6OTtFt0wBjdb8N9tPZaQLN7xOPwA==
  dependencies:
    base-64 "^1.0.0"
    bluebird "^3.7.2"
    ky "^0.25.1"
    ky-universal "^0.8.2"
    url "^0.11.0"
    url-join "0.0.1"
    web-streams-polyfill "^3.0.1"
    webpack-merge "^5.4.0"

markdown-it-attrs@^4.0.0:
  version "4.1.3"
  resolved "https://registry.yarnpkg.com/markdown-it-attrs/-/markdown-it-attrs-4.1.3.tgz#2b5ab8371ae947155566eaabe8c73548e816dfcd"
  integrity sha512-d5yg/lzQV2KFI/4LPsZQB3uxQrf0/l2/RnMPCPm4lYLOZUSmFlpPccyojnzaHkfQpAD8wBHfnfUW0aMhpKOS2g==

markdown-it@^12.1.0:
  version "12.3.2"
  resolved "https://registry.yarnpkg.com/markdown-it/-/markdown-it-12.3.2.tgz#bf92ac92283fe983fe4de8ff8abfb5ad72cd0c90"
  integrity sha512-TchMembfxfNVpHkbtriWltGWc+m3xszaRD0CZup7GFFhzIgQqxIfn3eGj1yZpfuflzPvfkt611B2Q/Bsk1YnGg==
  dependencies:
    argparse "^2.0.1"
    entities "~2.1.0"
    linkify-it "^3.0.1"
    mdurl "^1.0.1"
    uc.micro "^1.0.5"

marked@^4.0.12:
  version "4.0.12"
  resolved "https://registry.yarnpkg.com/marked/-/marked-4.0.12.tgz#2262a4e6fd1afd2f13557726238b69a48b982f7d"
  integrity sha512-hgibXWrEDNBWgGiK18j/4lkS6ihTe9sxtV4Q1OQppb/0zzyPSzoFANBa5MfsG/zgsWklmNnhm0XACZOH/0HBiQ==

mdurl@^1.0.1:
  version "1.0.1"
  resolved "https://registry.yarnpkg.com/mdurl/-/mdurl-1.0.1.tgz#fe85b2ec75a59037f2adfec100fd6c601761152e"
  integrity sha1-/oWy7HWlkDfyrf7BAP1sYBdhFS4=

mime-db@1.51.0:
  version "1.51.0"
  resolved "https://registry.yarnpkg.com/mime-db/-/mime-db-1.51.0.tgz#d9ff62451859b18342d960850dc3cfb77e63fb0c"
  integrity sha512-5y8A56jg7XVQx2mbv1lu49NR4dokRnhZYTtL+KGfaa27uq4pSTXkwQkFJl4pkRMyNFz/EtYDSkiiEHx3F7UN6g==

mime-types@^2.1.12:
  version "2.1.34"
  resolved "https://registry.yarnpkg.com/mime-types/-/mime-types-2.1.34.tgz#5a712f9ec1503511a945803640fafe09d3793c24"
  integrity sha512-6cP692WwGIs9XXdOO4++N+7qjqv0rqxxVvJ3VHPh/Sc9mVZcQP+ZGhkKiTvWMQRr2tbHkJP/Yn7Y0npb3ZBs4A==
  dependencies:
    mime-db "1.51.0"

ms@2.0.0:
  version "2.0.0"
  resolved "https://registry.yarnpkg.com/ms/-/ms-2.0.0.tgz#5608aeadfc00be6c2901df5f9861788de0d597c8"
  integrity sha1-VgiurfwAvmwpAd9fmGF4jeDVl8g=

ms@2.1.2:
  version "2.1.2"
  resolved "https://registry.yarnpkg.com/ms/-/ms-2.1.2.tgz#d09d1f357b443f493382a8eb3ccd183872ae6009"
  integrity sha512-sGkPx+VjMtmA6MX27oA4FBFELFCZZ4S4XqeGOXCv68tT+jb3vk/RyaKWP0PTKyWtmLSM0b+adUTEvbs1PEaH2w==

nanoid@^3.1.30:
  version "3.1.31"
  resolved "https://registry.yarnpkg.com/nanoid/-/nanoid-3.1.31.tgz#f5b58a1ce1b7604da5f0605757840598d8974dc6"
  integrity sha512-ZivnJm0o9bb13p2Ot5CpgC2rQdzB9Uxm/mFZweqm5eMViqOJe3PV6LU2E30SiLgheesmcPrjquqraoolONSA0A==

next-tick@~1.0.0:
  version "1.0.0"
  resolved "https://registry.yarnpkg.com/next-tick/-/next-tick-1.0.0.tgz#ca86d1fe8828169b0120208e3dc8424b9db8342c"
  integrity sha1-yobR/ogoFpsBICCOPchCS524NCw=

node-cache@^5.1.2:
  version "5.1.2"
  resolved "https://registry.yarnpkg.com/node-cache/-/node-cache-5.1.2.tgz#f264dc2ccad0a780e76253a694e9fd0ed19c398d"
  integrity sha512-t1QzWwnk4sjLWaQAS8CHgOJ+RAfmHpxFWmc36IWTiWHQfs0w5JDMBS1b1ZxQteo0vVVuWJvIUKHDkkeK7vIGCg==
  dependencies:
    clone "2.x"

node-fetch@2.6.1:
  version "2.6.1"
  resolved "https://registry.yarnpkg.com/node-fetch/-/node-fetch-2.6.1.tgz#045bd323631f76ed2e2b55573394416b639a0052"
  integrity sha512-V4aYg89jEoVRxRb2fJdAg8FHvI7cEyYdVAh94HH0UIK8oJxUfkjlDQN9RbMx+bEjP7+ggMiFRprSti032Oipxw==

node-fetch@3.0.0-beta.9:
  version "3.0.0-beta.9"
  resolved "https://registry.yarnpkg.com/node-fetch/-/node-fetch-3.0.0-beta.9.tgz#0a7554cfb824380dd6812864389923c783c80d9b"
  integrity sha512-RdbZCEynH2tH46+tj0ua9caUHVWrd/RHnRfvly2EVdqGmI3ndS1Vn/xjm5KuGejDt2RNDQsVRLPNd2QPwcewVg==
  dependencies:
    data-uri-to-buffer "^3.0.1"
    fetch-blob "^2.1.1"

node-fetch@^2.6.1:
  version "2.6.6"
  resolved "https://registry.yarnpkg.com/node-fetch/-/node-fetch-2.6.6.tgz#1751a7c01834e8e1697758732e9efb6eeadfaf89"
  integrity sha512-Z8/6vRlTUChSdIgMa51jxQ4lrw/Jy5SOW10ObaA47/RElsAN2c5Pn8bTgFGWn/ibwzXTE8qwr1Yzx28vsecXEA==
  dependencies:
    whatwg-url "^5.0.0"

node-gyp-build@^4.3.0:
  version "4.3.0"
  resolved "https://registry.yarnpkg.com/node-gyp-build/-/node-gyp-build-4.3.0.tgz#9f256b03e5826150be39c764bf51e993946d71a3"
  integrity sha512-iWjXZvmboq0ja1pUGULQBexmxq8CV4xBhX7VDOTbL7ZR4FOowwY/VOtRxBN/yKxmdGoIp4j5ysNT4u3S2pDQ3Q==

nodemailer@^6.6.2:
  version "6.7.2"
  resolved "https://registry.yarnpkg.com/nodemailer/-/nodemailer-6.7.2.tgz#44b2ad5f7ed71b7067f7a21c4fedabaec62b85e0"
  integrity sha512-Dz7zVwlef4k5R71fdmxwR8Q39fiboGbu3xgswkzGwczUfjp873rVxt1O46+Fh0j1ORnAC6L9+heI8uUpO6DT7Q==

parse-srcset@^1.0.2:
  version "1.0.2"
  resolved "https://registry.yarnpkg.com/parse-srcset/-/parse-srcset-1.0.2.tgz#f2bd221f6cc970a938d88556abc589caaaa2bde1"
  integrity sha1-8r0iH2zJcKk42IVWq8WJyqqiveE=

picocolors@^1.0.0:
  version "1.0.0"
  resolved "https://registry.yarnpkg.com/picocolors/-/picocolors-1.0.0.tgz#cb5bdc74ff3f51892236eaf79d68bc44564ab81c"
  integrity sha512-1fygroTLlHu66zi26VoTDv8yRgm0Fccecssto+MhsZ0D/DGW2sm8E8AjW7NU5VVTRt5GxbeZ5qBuJr+HyLYkjQ==

postcss@^8.3.11:
  version "8.4.5"
  resolved "https://registry.yarnpkg.com/postcss/-/postcss-8.4.5.tgz#bae665764dfd4c6fcc24dc0fdf7e7aa00cc77f95"
  integrity sha512-jBDboWM8qpaqwkMwItqTQTiFikhs/67OYVvblFFTM7MrZjt6yMKd6r2kgXizEbTTljacm4NldIlZnhbjr84QYg==
  dependencies:
    nanoid "^3.1.30"
    picocolors "^1.0.0"
    source-map-js "^1.0.1"

punycode@1.3.2:
  version "1.3.2"
  resolved "https://registry.yarnpkg.com/punycode/-/punycode-1.3.2.tgz#9653a036fb7c1ee42342f2325cceefea3926c48d"
  integrity sha1-llOgNvt8HuQjQvIyXM7v6jkmxI0=

query-string@^6.13.6:
  version "6.14.1"
  resolved "https://registry.yarnpkg.com/query-string/-/query-string-6.14.1.tgz#7ac2dca46da7f309449ba0f86b1fd28255b0c86a"
  integrity sha512-XDxAeVmpfu1/6IjyT/gXHOl+S0vQ9owggJ30hhWKdHAsNPOcasn5o9BW0eejZqL2e4vMjhAxoW3jVHcD6mbcYw==
  dependencies:
    decode-uri-component "^0.2.0"
    filter-obj "^1.1.0"
    split-on-first "^1.0.0"
    strict-uri-encode "^2.0.0"

querystring@0.2.0:
  version "0.2.0"
  resolved "https://registry.yarnpkg.com/querystring/-/querystring-0.2.0.tgz#b209849203bb25df820da756e747005878521620"
  integrity sha1-sgmEkgO7Jd+CDadW50cAWHhSFiA=

retry@0.13.1:
  version "0.13.1"
  resolved "https://registry.yarnpkg.com/retry/-/retry-0.13.1.tgz#185b1587acf67919d63b357349e03537b2484658"
  integrity sha512-XQBQ3I8W1Cge0Seh+6gjj03LbmRFWuoszgK9ooCpwYIrhhoO80pfq4cUkU5DkknwfOfFteRwlZ56PYOGYyFWdg==

sanitize-html@^2.4.0:
  version "2.6.1"
  resolved "https://registry.yarnpkg.com/sanitize-html/-/sanitize-html-2.6.1.tgz#5d37c08e189c61c0631560a889b10d9d155d000e"
  integrity sha512-DzjSz3H5qDntD7s1TcWCSoRPmNR8UmA+y+xZQOvWgjATe2Br9ZW73+vD3Pj6Snrg0RuEuJdXgrKvnYuiuixRkA==
  dependencies:
    deepmerge "^4.2.2"
    escape-string-regexp "^4.0.0"
    htmlparser2 "^6.0.0"
    is-plain-object "^5.0.0"
    parse-srcset "^1.0.2"
    postcss "^8.3.11"

shallow-clone@^3.0.0:
  version "3.0.1"
  resolved "https://registry.yarnpkg.com/shallow-clone/-/shallow-clone-3.0.1.tgz#8f2981ad92531f55035b01fb230769a40e02efa3"
  integrity sha512-/6KqX+GVUdqPuPPd2LxDDxzX6CAbjJehAAOKlNpqqUpAqPM6HeL8f+o3a+JsyGjn2lv0WY8UsTgUJjU9Ok55NA==
  dependencies:
    kind-of "^6.0.2"

source-map-js@^1.0.1:
  version "1.0.1"
  resolved "https://registry.yarnpkg.com/source-map-js/-/source-map-js-1.0.1.tgz#a1741c131e3c77d048252adfa24e23b908670caf"
  integrity sha512-4+TN2b3tqOCd/kaGRJ/sTYA0tR0mdXx26ipdolxcwtJVqEnqNYvlCAt1q3ypy4QMlYus+Zh34RNtYLoq2oQ4IA==

split-on-first@^1.0.0:
  version "1.1.0"
  resolved "https://registry.yarnpkg.com/split-on-first/-/split-on-first-1.1.0.tgz#f610afeee3b12bce1d0c30425e76398b78249a5f"
  integrity sha512-43ZssAJaMusuKWL8sKUBQXHWOpq8d6CfN/u1p4gUzfJkM05C8rxTmYrkIPTXapZpORA6LkkzcUulJ8FqA7Uudw==

strict-uri-encode@^2.0.0:
  version "2.0.0"
  resolved "https://registry.yarnpkg.com/strict-uri-encode/-/strict-uri-encode-2.0.0.tgz#b9c7330c7042862f6b142dc274bbcc5866ce3546"
  integrity sha1-ucczDHBChi9rFC3CdLvMWGbONUY=

tr46@~0.0.3:
  version "0.0.3"
  resolved "https://registry.yarnpkg.com/tr46/-/tr46-0.0.3.tgz#8184fd347dac9cdc185992f3a6622e14b9d9ab6a"
  integrity sha1-gYT9NH2snNwYWZLzpmIuFLnZq2o=

tslib@^1.9.3:
  version "1.14.1"
  resolved "https://registry.yarnpkg.com/tslib/-/tslib-1.14.1.tgz#cf2d38bdc34a134bcaf1091c41f6619e2f672d00"
  integrity sha512-Xni35NKzjgMrwevysHTCArtLDpPvye8zV/0E4EyYn43P7/7qvQwPh9BGkHewbMulVntbigmcT7rdX3BNo9wRJg==

type@^1.0.1:
  version "1.2.0"
  resolved "https://registry.yarnpkg.com/type/-/type-1.2.0.tgz#848dd7698dafa3e54a6c479e759c4bc3f18847a0"
  integrity sha512-+5nt5AAniqsCnu2cEQQdpzCAh33kVx8n0VoFidKpB1dVVLAN/F+bgVOqOJqOnEnrhp222clB5p3vUlD+1QAnfg==

type@^2.5.0:
  version "2.5.0"
  resolved "https://registry.yarnpkg.com/type/-/type-2.5.0.tgz#0a2e78c2e77907b252abe5f298c1b01c63f0db3d"
  integrity sha512-180WMDQaIMm3+7hGXWf12GtdniDEy7nYcyFMKJn/eZz/6tSLXrUN9V0wKSbMjej0I1WHWbpREDEKHtqPQa9NNw==

typedarray-to-buffer@^3.1.5:
  version "3.1.5"
  resolved "https://registry.yarnpkg.com/typedarray-to-buffer/-/typedarray-to-buffer-3.1.5.tgz#a97ee7a9ff42691b9f783ff1bc5112fe3fca9080"
  integrity sha512-zdu8XMNEDepKKR+XYOXAVPtWui0ly0NtohUscw+UmaHiAWT8hrV1rr//H6V+0DvJ3OQ19S979M0laLfX8rm82Q==
  dependencies:
    is-typedarray "^1.0.0"

uc.micro@^1.0.1, uc.micro@^1.0.5:
  version "1.0.6"
  resolved "https://registry.yarnpkg.com/uc.micro/-/uc.micro-1.0.6.tgz#9c411a802a409a91fc6cf74081baba34b24499ac"
  integrity sha512-8Y75pvTYkLJW2hWQHXxoqRgV7qb9B+9vFEtidML+7koHUFapnVJAZ6cKs+Qjz5Aw3aZWHMC6u0wJE3At+nSGwA==

url-join@0.0.1:
  version "0.0.1"
  resolved "https://registry.yarnpkg.com/url-join/-/url-join-0.0.1.tgz#1db48ad422d3402469a87f7d97bdebfe4fb1e3c8"
  integrity sha1-HbSK1CLTQCRpqH99l73r/k+x48g=

url@^0.11.0:
  version "0.11.0"
  resolved "https://registry.yarnpkg.com/url/-/url-0.11.0.tgz#3838e97cfc60521eb73c525a8e55bfdd9e2e28f1"
  integrity sha1-ODjpfPxgUh63PFJajlW/3Z4uKPE=
  dependencies:
    punycode "1.3.2"
    querystring "0.2.0"

utf-8-validate@^5.0.2:
  version "5.0.8"
  resolved "https://registry.yarnpkg.com/utf-8-validate/-/utf-8-validate-5.0.8.tgz#4a735a61661dbb1c59a0868c397d2fe263f14e58"
  integrity sha512-k4dW/Qja1BYDl2qD4tOMB9PFVha/UJtxTc1cXYOe3WwA/2m0Yn4qB7wLMpJyLJ/7DR0XnTut3HsCSzDT4ZvKgA==
  dependencies:
    node-gyp-build "^4.3.0"

web-streams-polyfill@^3.0.1:
  version "3.2.0"
  resolved "https://registry.yarnpkg.com/web-streams-polyfill/-/web-streams-polyfill-3.2.0.tgz#a6b74026b38e4885869fb5c589e90b95ccfc7965"
  integrity sha512-EqPmREeOzttaLRm5HS7io98goBgZ7IVz79aDvqjD0kYXLtFZTc0T/U6wHTPKyIjb+MdN7DFIIX6hgdBEpWmfPA==

webidl-conversions@^3.0.0:
  version "3.0.1"
  resolved "https://registry.yarnpkg.com/webidl-conversions/-/webidl-conversions-3.0.1.tgz#24534275e2a7bc6be7bc86611cc16ae0a5654871"
  integrity sha1-JFNCdeKnvGvnvIZhHMFq4KVlSHE=

webpack-merge@^5.4.0:
  version "5.8.0"
  resolved "https://registry.yarnpkg.com/webpack-merge/-/webpack-merge-5.8.0.tgz#2b39dbf22af87776ad744c390223731d30a68f61"
  integrity sha512-/SaI7xY0831XwP6kzuwhKWVKDP9t1QY1h65lAFLbZqMPIuYcD9QAW4u9STIbU9kaJbPBB/geU/gLr1wDjOhQ+Q==
  dependencies:
    clone-deep "^4.0.1"
    wildcard "^2.0.0"

websocket@^1.0.34:
  version "1.0.34"
  resolved "https://registry.yarnpkg.com/websocket/-/websocket-1.0.34.tgz#2bdc2602c08bf2c82253b730655c0ef7dcab3111"
  integrity sha512-PRDso2sGwF6kM75QykIesBijKSVceR6jL2G8NGYyq2XrItNC2P5/qL5XeR056GhA+Ly7JMFvJb9I312mJfmqnQ==
  dependencies:
    bufferutil "^4.0.1"
    debug "^2.2.0"
    es5-ext "^0.10.50"
    typedarray-to-buffer "^3.1.5"
    utf-8-validate "^5.0.2"
    yaeti "^0.0.6"

whatwg-url@^5.0.0:
  version "5.0.0"
  resolved "https://registry.yarnpkg.com/whatwg-url/-/whatwg-url-5.0.0.tgz#966454e8765462e37644d3626f6742ce8b70965d"
  integrity sha1-lmRU6HZUYuN2RNNib2dCzotwll0=
  dependencies:
    tr46 "~0.0.3"
    webidl-conversions "^3.0.0"

wildcard@^2.0.0:
  version "2.0.0"
  resolved "https://registry.yarnpkg.com/wildcard/-/wildcard-2.0.0.tgz#a77d20e5200c6faaac979e4b3aadc7b3dd7f8fec"
  integrity sha512-JcKqAHLPxcdb9KM49dufGXn2x3ssnfjbcaQdLlfZsL9rH9wgDQjUtDxbo8NE0F6SFvydeu1VhZe7hZuHsB2/pw==

yaeti@^0.0.6:
  version "0.0.6"
  resolved "https://registry.yarnpkg.com/yaeti/-/yaeti-0.0.6.tgz#f26f484d72684cf42bedfb76970aa1608fbf9577"
  integrity sha1-8m9ITXJoTPQr7ft2lwqhYI+/lXc=
